// !$*UTF8*$!
{
	archiveVersion = 1;
	classes = {
	};
	objectVersion = 46;
	objects = {

/* Begin PBXBuildFile section */
		12651A6C1051E00B8875FDF9 /* libPods-PhotoGallery.a in Frameworks */ = {isa = PBXBuildFile; fileRef = 01D93B01ADFB26E132F7C312 /* libPods-PhotoGallery.a */; };
		655D4D541CDE9066004270AF /* main.m in Sources */ = {isa = PBXBuildFile; fileRef = 655D4D531CDE9066004270AF /* main.m */; };
		655D4D571CDE9066004270AF /* AppDelegate.m in Sources */ = {isa = PBXBuildFile; fileRef = 655D4D561CDE9066004270AF /* AppDelegate.m */; };
		655D4D5A1CDE9066004270AF /* ViewController.m in Sources */ = {isa = PBXBuildFile; fileRef = 655D4D591CDE9066004270AF /* ViewController.m */; };
		655D4D5D1CDE9066004270AF /* Main.storyboard in Resources */ = {isa = PBXBuildFile; fileRef = 655D4D5B1CDE9066004270AF /* Main.storyboard */; };
		655D4D5F1CDE9066004270AF /* Assets.xcassets in Resources */ = {isa = PBXBuildFile; fileRef = 655D4D5E1CDE9066004270AF /* Assets.xcassets */; };
		655D4D621CDE9066004270AF /* LaunchScreen.storyboard in Resources */ = {isa = PBXBuildFile; fileRef = 655D4D601CDE9066004270AF /* LaunchScreen.storyboard */; };
		655D4D6D1CDE9066004270AF /* PhotoGalleryTests.m in Sources */ = {isa = PBXBuildFile; fileRef = 655D4D6C1CDE9066004270AF /* PhotoGalleryTests.m */; };
		655D4D791CDE940E004270AF /* ViewPhotoCell.m in Sources */ = {isa = PBXBuildFile; fileRef = 655D4D781CDE940E004270AF /* ViewPhotoCell.m */; };
		655D4D7C1CDE9533004270AF /* CustomFlowLayout.m in Sources */ = {isa = PBXBuildFile; fileRef = 655D4D7B1CDE9533004270AF /* CustomFlowLayout.m */; };
		655D4D7F1CDE9AA5004270AF /* ViewFullSizeImage.m in Sources */ = {isa = PBXBuildFile; fileRef = 655D4D7E1CDE9AA5004270AF /* ViewFullSizeImage.m */; };
		655D4D861CDEC684004270AF /* ImageLibrary.m in Sources */ = {isa = PBXBuildFile; fileRef = 655D4D851CDEC684004270AF /* ImageLibrary.m */; };
/* End PBXBuildFile section */

/* Begin PBXContainerItemProxy section */
		655D4D691CDE9066004270AF /* PBXContainerItemProxy */ = {
			isa = PBXContainerItemProxy;
			containerPortal = 655D4D471CDE9066004270AF /* Project object */;
			proxyType = 1;
			remoteGlobalIDString = 655D4D4E1CDE9066004270AF;
			remoteInfo = PhotoGallery;
		};
/* End PBXContainerItemProxy section */

/* Begin PBXFileReference section */
		01D93B01ADFB26E132F7C312 /* libPods-PhotoGallery.a */ = {isa = PBXFileReference; explicitFileType = archive.ar; includeInIndex = 0; path = "libPods-PhotoGallery.a"; sourceTree = BUILT_PRODUCTS_DIR; };
		655D4D4F1CDE9066004270AF /* PhotoGallery.app */ = {isa = PBXFileReference; explicitFileType = wrapper.application; includeInIndex = 0; path = PhotoGallery.app; sourceTree = BUILT_PRODUCTS_DIR; };
		655D4D531CDE9066004270AF /* main.m */ = {isa = PBXFileReference; lastKnownFileType = sourcecode.c.objc; path = main.m; sourceTree = "<group>"; };
		655D4D551CDE9066004270AF /* AppDelegate.h */ = {isa = PBXFileReference; lastKnownFileType = sourcecode.c.h; path = AppDelegate.h; sourceTree = "<group>"; };
		655D4D561CDE9066004270AF /* AppDelegate.m */ = {isa = PBXFileReference; lastKnownFileType = sourcecode.c.objc; path = AppDelegate.m; sourceTree = "<group>"; };
		655D4D581CDE9066004270AF /* ViewController.h */ = {isa = PBXFileReference; lastKnownFileType = sourcecode.c.h; name = ViewController.h; path = PhotoGallery/ViewController.h; sourceTree = "<group>"; };
		655D4D591CDE9066004270AF /* ViewController.m */ = {isa = PBXFileReference; lastKnownFileType = sourcecode.c.objc; name = ViewController.m; path = PhotoGallery/ViewController.m; sourceTree = "<group>"; };
		655D4D5C1CDE9066004270AF /* Base */ = {isa = PBXFileReference; lastKnownFileType = file.storyboard; name = Base; path = Base.lproj/Main.storyboard; sourceTree = "<group>"; };
		655D4D5E1CDE9066004270AF /* Assets.xcassets */ = {isa = PBXFileReference; lastKnownFileType = folder.assetcatalog; path = Assets.xcassets; sourceTree = "<group>"; };
		655D4D611CDE9066004270AF /* Base */ = {isa = PBXFileReference; lastKnownFileType = file.storyboard; name = Base; path = Base.lproj/LaunchScreen.storyboard; sourceTree = "<group>"; };
		655D4D631CDE9066004270AF /* Info.plist */ = {isa = PBXFileReference; lastKnownFileType = text.plist.xml; path = Info.plist; sourceTree = "<group>"; };
		655D4D681CDE9066004270AF /* PhotoGalleryTests.xctest */ = {isa = PBXFileReference; explicitFileType = wrapper.cfbundle; includeInIndex = 0; path = PhotoGalleryTests.xctest; sourceTree = BUILT_PRODUCTS_DIR; };
		655D4D6C1CDE9066004270AF /* PhotoGalleryTests.m */ = {isa = PBXFileReference; lastKnownFileType = sourcecode.c.objc; path = PhotoGalleryTests.m; sourceTree = "<group>"; };
		655D4D6E1CDE9066004270AF /* Info.plist */ = {isa = PBXFileReference; lastKnownFileType = text.plist.xml; path = Info.plist; sourceTree = "<group>"; };
		655D4D771CDE940E004270AF /* ViewPhotoCell.h */ = {isa = PBXFileReference; fileEncoding = 4; lastKnownFileType = sourcecode.c.h; name = ViewPhotoCell.h; path = PhotoGallery/ViewPhotoCell.h; sourceTree = "<group>"; };
		655D4D781CDE940E004270AF /* ViewPhotoCell.m */ = {isa = PBXFileReference; fileEncoding = 4; lastKnownFileType = sourcecode.c.objc; name = ViewPhotoCell.m; path = PhotoGallery/ViewPhotoCell.m; sourceTree = "<group>"; };
		655D4D7A1CDE9533004270AF /* CustomFlowLayout.h */ = {isa = PBXFileReference; fileEncoding = 4; lastKnownFileType = sourcecode.c.h; name = CustomFlowLayout.h; path = PhotoGallery/CustomFlowLayout.h; sourceTree = "<group>"; };
		655D4D7B1CDE9533004270AF /* CustomFlowLayout.m */ = {isa = PBXFileReference; fileEncoding = 4; lastKnownFileType = sourcecode.c.objc; name = CustomFlowLayout.m; path = PhotoGallery/CustomFlowLayout.m; sourceTree = "<group>"; };
		655D4D7D1CDE9AA5004270AF /* ViewFullSizeImage.h */ = {isa = PBXFileReference; fileEncoding = 4; lastKnownFileType = sourcecode.c.h; name = ViewFullSizeImage.h; path = PhotoGallery/ViewFullSizeImage.h; sourceTree = "<group>"; };
		655D4D7E1CDE9AA5004270AF /* ViewFullSizeImage.m */ = {isa = PBXFileReference; fileEncoding = 4; lastKnownFileType = sourcecode.c.objc; name = ViewFullSizeImage.m; path = PhotoGallery/ViewFullSizeImage.m; sourceTree = "<group>"; };
		655D4D841CDEC684004270AF /* ImageLibrary.h */ = {isa = PBXFileReference; fileEncoding = 4; lastKnownFileType = sourcecode.c.h; path = ImageLibrary.h; sourceTree = "<group>"; };
		655D4D851CDEC684004270AF /* ImageLibrary.m */ = {isa = PBXFileReference; fileEncoding = 4; lastKnownFileType = sourcecode.c.objc; path = ImageLibrary.m; sourceTree = "<group>"; };
		CBAC27FDF318772C865F7465 /* Pods-PhotoGallery.debug.xcconfig */ = {isa = PBXFileReference; includeInIndex = 1; lastKnownFileType = text.xcconfig; name = "Pods-PhotoGallery.debug.xcconfig"; path = "Pods/Target Support Files/Pods-PhotoGallery/Pods-PhotoGallery.debug.xcconfig"; sourceTree = "<group>"; };
		FB1492987E9046625A980227 /* Pods-PhotoGallery.release.xcconfig */ = {isa = PBXFileReference; includeInIndex = 1; lastKnownFileType = text.xcconfig; name = "Pods-PhotoGallery.release.xcconfig"; path = "Pods/Target Support Files/Pods-PhotoGallery/Pods-PhotoGallery.release.xcconfig"; sourceTree = "<group>"; };
/* End PBXFileReference section */

/* Begin PBXFrameworksBuildPhase section */
		655D4D4C1CDE9066004270AF /* Frameworks */ = {
			isa = PBXFrameworksBuildPhase;
			buildActionMask = 2147483647;
			files = (
				12651A6C1051E00B8875FDF9 /* libPods-PhotoGallery.a in Frameworks */,
			);
			runOnlyForDeploymentPostprocessing = 0;
		};
		655D4D651CDE9066004270AF /* Frameworks */ = {
			isa = PBXFrameworksBuildPhase;
			buildActionMask = 2147483647;
			files = (
			);
			runOnlyForDeploymentPostprocessing = 0;
		};
/* End PBXFrameworksBuildPhase section */

/* Begin PBXGroup section */
		1156550CC572A8DC52907316 /* Pods */ = {
			isa = PBXGroup;
			children = (
				CBAC27FDF318772C865F7465 /* Pods-PhotoGallery.debug.xcconfig */,
				FB1492987E9046625A980227 /* Pods-PhotoGallery.release.xcconfig */,
			);
			name = Pods;
			sourceTree = "<group>";
		};
		655D4D461CDE9066004270AF = {
			isa = PBXGroup;
			children = (
				655D4D511CDE9066004270AF /* PhotoGallery */,
				655D4D6B1CDE9066004270AF /* PhotoGalleryTests */,
				655D4D501CDE9066004270AF /* Products */,
				1156550CC572A8DC52907316 /* Pods */,
				AE4ABD9AA1B7F73358087E29 /* Frameworks */,
			);
			sourceTree = "<group>";
		};
		655D4D501CDE9066004270AF /* Products */ = {
			isa = PBXGroup;
			children = (
				655D4D4F1CDE9066004270AF /* PhotoGallery.app */,
				655D4D681CDE9066004270AF /* PhotoGalleryTests.xctest */,
			);
			name = Products;
			sourceTree = "<group>";
		};
		655D4D511CDE9066004270AF /* PhotoGallery */ = {
			isa = PBXGroup;
			children = (
				655D4D551CDE9066004270AF /* AppDelegate.h */,
				655D4D561CDE9066004270AF /* AppDelegate.m */,
				655D4D5B1CDE9066004270AF /* Main.storyboard */,
				655D4D601CDE9066004270AF /* LaunchScreen.storyboard */,
				655D4D831CDEC4C8004270AF /* Controller */,
				655D4D821CDEC4C1004270AF /* SDK */,
				655D4D5E1CDE9066004270AF /* Assets.xcassets */,
				655D4D631CDE9066004270AF /* Info.plist */,
				655D4D521CDE9066004270AF /* Supporting Files */,
			);
			path = PhotoGallery;
			sourceTree = "<group>";
		};
		655D4D521CDE9066004270AF /* Supporting Files */ = {
			isa = PBXGroup;
			children = (
				655D4D531CDE9066004270AF /* main.m */,
			);
			name = "Supporting Files";
			sourceTree = "<group>";
		};
		655D4D6B1CDE9066004270AF /* PhotoGalleryTests */ = {
			isa = PBXGroup;
			children = (
				655D4D6C1CDE9066004270AF /* PhotoGalleryTests.m */,
				655D4D6E1CDE9066004270AF /* Info.plist */,
			);
			path = PhotoGalleryTests;
			sourceTree = "<group>";
		};
		655D4D821CDEC4C1004270AF /* SDK */ = {
			isa = PBXGroup;
			children = (
				655D4D841CDEC684004270AF /* ImageLibrary.h */,
				655D4D851CDEC684004270AF /* ImageLibrary.m */,
			);
			name = SDK;
			path = ..;
			sourceTree = "<group>";
		};
		655D4D831CDEC4C8004270AF /* Controller */ = {
			isa = PBXGroup;
			children = (
				655D4D581CDE9066004270AF /* ViewController.h */,
				655D4D591CDE9066004270AF /* ViewController.m */,
				655D4D7A1CDE9533004270AF /* CustomFlowLayout.h */,
				655D4D7B1CDE9533004270AF /* CustomFlowLayout.m */,
				655D4D771CDE940E004270AF /* ViewPhotoCell.h */,
				655D4D781CDE940E004270AF /* ViewPhotoCell.m */,
				655D4D7D1CDE9AA5004270AF /* ViewFullSizeImage.h */,
				655D4D7E1CDE9AA5004270AF /* ViewFullSizeImage.m */,
			);
			name = Controller;
			path = ..;
			sourceTree = "<group>";
		};
		AE4ABD9AA1B7F73358087E29 /* Frameworks */ = {
			isa = PBXGroup;
			children = (
				01D93B01ADFB26E132F7C312 /* libPods-PhotoGallery.a */,
			);
			name = Frameworks;
			sourceTree = "<group>";
		};
/* End PBXGroup section */

/* Begin PBXNativeTarget section */
		655D4D4E1CDE9066004270AF /* PhotoGallery */ = {
			isa = PBXNativeTarget;
			buildConfigurationList = 655D4D711CDE9066004270AF /* Build configuration list for PBXNativeTarget "PhotoGallery" */;
			buildPhases = (
				C333D2A71EF86A5714113E8F /* Check Pods Manifest.lock */,
				655D4D4B1CDE9066004270AF /* Sources */,
				655D4D4C1CDE9066004270AF /* Frameworks */,
				655D4D4D1CDE9066004270AF /* Resources */,
				91A6E2CFEE0CD29C04853957 /* Embed Pods Frameworks */,
				E47D58F89B0ED7051268469A /* Copy Pods Resources */,
			);
			buildRules = (
			);
			dependencies = (
			);
			name = PhotoGallery;
			productName = PhotoGallery;
			productReference = 655D4D4F1CDE9066004270AF /* PhotoGallery.app */;
			productType = "com.apple.product-type.application";
		};
		655D4D671CDE9066004270AF /* PhotoGalleryTests */ = {
			isa = PBXNativeTarget;
			buildConfigurationList = 655D4D741CDE9066004270AF /* Build configuration list for PBXNativeTarget "PhotoGalleryTests" */;
			buildPhases = (
				655D4D641CDE9066004270AF /* Sources */,
				655D4D651CDE9066004270AF /* Frameworks */,
				655D4D661CDE9066004270AF /* Resources */,
			);
			buildRules = (
			);
			dependencies = (
				655D4D6A1CDE9066004270AF /* PBXTargetDependency */,
			);
			name = PhotoGalleryTests;
			productName = PhotoGalleryTests;
			productReference = 655D4D681CDE9066004270AF /* PhotoGalleryTests.xctest */;
			productType = "com.apple.product-type.bundle.unit-test";
		};
/* End PBXNativeTarget section */

/* Begin PBXProject section */
		655D4D471CDE9066004270AF /* Project object */ = {
			isa = PBXProject;
			attributes = {
				LastUpgradeCheck = 0730;
				ORGANIZATIONNAME = "Dan Vasilyonok";
				TargetAttributes = {
					655D4D4E1CDE9066004270AF = {
						CreatedOnToolsVersion = 7.3;
						DevelopmentTeam = F6D9STT39H;
					};
					655D4D671CDE9066004270AF = {
						CreatedOnToolsVersion = 7.3;
						DevelopmentTeam = F6D9STT39H;
						TestTargetID = 655D4D4E1CDE9066004270AF;
					};
				};
			};
			buildConfigurationList = 655D4D4A1CDE9066004270AF /* Build configuration list for PBXProject "PhotoGallery" */;
			compatibilityVersion = "Xcode 3.2";
			developmentRegion = English;
			hasScannedForEncodings = 0;
			knownRegions = (
				en,
				Base,
			);
			mainGroup = 655D4D461CDE9066004270AF;
			productRefGroup = 655D4D501CDE9066004270AF /* Products */;
			projectDirPath = "";
			projectRoot = "";
			targets = (
				655D4D4E1CDE9066004270AF /* PhotoGallery */,
				655D4D671CDE9066004270AF /* PhotoGalleryTests */,
			);
		};
/* End PBXProject section */

/* Begin PBXResourcesBuildPhase section */
		655D4D4D1CDE9066004270AF /* Resources */ = {
			isa = PBXResourcesBuildPhase;
			buildActionMask = 2147483647;
			files = (
				655D4D621CDE9066004270AF /* LaunchScreen.storyboard in Resources */,
				655D4D5F1CDE9066004270AF /* Assets.xcassets in Resources */,
				655D4D5D1CDE9066004270AF /* Main.storyboard in Resources */,
			);
			runOnlyForDeploymentPostprocessing = 0;
		};
		655D4D661CDE9066004270AF /* Resources */ = {
			isa = PBXResourcesBuildPhase;
			buildActionMask = 2147483647;
			files = (
			);
			runOnlyForDeploymentPostprocessing = 0;
		};
/* End PBXResourcesBuildPhase section */

/* Begin PBXShellScriptBuildPhase section */
		91A6E2CFEE0CD29C04853957 /* Embed Pods Frameworks */ = {
			isa = PBXShellScriptBuildPhase;
			buildActionMask = 2147483647;
			files = (
			);
			inputPaths = (
			);
			name = "Embed Pods Frameworks";
			outputPaths = (
			);
			runOnlyForDeploymentPostprocessing = 0;
			shellPath = /bin/sh;
			shellScript = "\"${SRCROOT}/Pods/Target Support Files/Pods-PhotoGallery/Pods-PhotoGallery-frameworks.sh\"\n";
			showEnvVarsInLog = 0;
		};
		C333D2A71EF86A5714113E8F /* Check Pods Manifest.lock */ = {
			isa = PBXShellScriptBuildPhase;
			buildActionMask = 2147483647;
			files = (
			);
			inputPaths = (
			);
			name = "Check Pods Manifest.lock";
			outputPaths = (
			);
			runOnlyForDeploymentPostprocessing = 0;
			shellPath = /bin/sh;
			shellScript = "diff \"${PODS_ROOT}/../Podfile.lock\" \"${PODS_ROOT}/Manifest.lock\" > /dev/null\nif [[ $? != 0 ]] ; then\n    cat << EOM\nerror: The sandbox is not in sync with the Podfile.lock. Run 'pod install' or update your CocoaPods installation.\nEOM\n    exit 1\nfi\n";
			showEnvVarsInLog = 0;
		};
		E47D58F89B0ED7051268469A /* Copy Pods Resources */ = {
			isa = PBXShellScriptBuildPhase;
			buildActionMask = 2147483647;
			files = (
			);
			inputPaths = (
			);
			name = "Copy Pods Resources";
			outputPaths = (
			);
			runOnlyForDeploymentPostprocessing = 0;
			shellPath = /bin/sh;
			shellScript = "\"${SRCROOT}/Pods/Target Support Files/Pods-PhotoGallery/Pods-PhotoGallery-resources.sh\"\n";
			showEnvVarsInLog = 0;
		};
/* End PBXShellScriptBuildPhase section */

/* Begin PBXSourcesBuildPhase section */
		655D4D4B1CDE9066004270AF /* Sources */ = {
			isa = PBXSourcesBuildPhase;
			buildActionMask = 2147483647;
			files = (
				655D4D7F1CDE9AA5004270AF /* ViewFullSizeImage.m in Sources */,
				655D4D5A1CDE9066004270AF /* ViewController.m in Sources */,
				655D4D571CDE9066004270AF /* AppDelegate.m in Sources */,
				655D4D541CDE9066004270AF /* main.m in Sources */,
				655D4D791CDE940E004270AF /* ViewPhotoCell.m in Sources */,
				655D4D7C1CDE9533004270AF /* CustomFlowLayout.m in Sources */,
				655D4D861CDEC684004270AF /* ImageLibrary.m in Sources */,
			);
			runOnlyForDeploymentPostprocessing = 0;
		};
		655D4D641CDE9066004270AF /* Sources */ = {
			isa = PBXSourcesBuildPhase;
			buildActionMask = 2147483647;
			files = (
				655D4D6D1CDE9066004270AF /* PhotoGalleryTests.m in Sources */,
			);
			runOnlyForDeploymentPostprocessing = 0;
		};
/* End PBXSourcesBuildPhase section */

/* Begin PBXTargetDependency section */
		655D4D6A1CDE9066004270AF /* PBXTargetDependency */ = {
			isa = PBXTargetDependency;
			target = 655D4D4E1CDE9066004270AF /* PhotoGallery */;
			targetProxy = 655D4D691CDE9066004270AF /* PBXContainerItemProxy */;
		};
/* End PBXTargetDependency section */

/* Begin PBXVariantGroup section */
		655D4D5B1CDE9066004270AF /* Main.storyboard */ = {
			isa = PBXVariantGroup;
			children = (
				655D4D5C1CDE9066004270AF /* Base */,
			);
			name = Main.storyboard;
			sourceTree = "<group>";
		};
		655D4D601CDE9066004270AF /* LaunchScreen.storyboard */ = {
			isa = PBXVariantGroup;
			children = (
				655D4D611CDE9066004270AF /* Base */,
			);
			name = LaunchScreen.storyboard;
			sourceTree = "<group>";
		};
/* End PBXVariantGroup section */

/* Begin XCBuildConfiguration section */
		655D4D6F1CDE9066004270AF /* Debug */ = {
			isa = XCBuildConfiguration;
			buildSettings = {
				ALWAYS_SEARCH_USER_PATHS = NO;
				CLANG_ANALYZER_NONNULL = YES;
				CLANG_CXX_LANGUAGE_STANDARD = "gnu++0x";
				CLANG_CXX_LIBRARY = "libc++";
				CLANG_ENABLE_MODULES = YES;
				CLANG_ENABLE_OBJC_ARC = YES;
				CLANG_WARN_BOOL_CONVERSION = YES;
				CLANG_WARN_CONSTANT_CONVERSION = YES;
				CLANG_WARN_DIRECT_OBJC_ISA_USAGE = YES_ERROR;
				CLANG_WARN_EMPTY_BODY = YES;
				CLANG_WARN_ENUM_CONVERSION = YES;
				CLANG_WARN_INT_CONVERSION = YES;
				CLANG_WARN_OBJC_ROOT_CLASS = YES_ERROR;
				CLANG_WARN_UNREACHABLE_CODE = YES;
				CLANG_WARN__DUPLICATE_METHOD_MATCH = YES;
				"CODE_SIGN_IDENTITY[sdk=iphoneos*]" = "iPhone Developer";
				COPY_PHASE_STRIP = NO;
				DEBUG_INFORMATION_FORMAT = dwarf;
				ENABLE_STRICT_OBJC_MSGSEND = YES;
				ENABLE_TESTABILITY = YES;
				GCC_C_LANGUAGE_STANDARD = gnu99;
				GCC_DYNAMIC_NO_PIC = NO;
				GCC_NO_COMMON_BLOCKS = YES;
				GCC_OPTIMIZATION_LEVEL = 0;
				GCC_PREPROCESSOR_DEFINITIONS = (
					"DEBUG=1",
					"$(inherited)",
				);
				GCC_WARN_64_TO_32_BIT_CONVERSION = YES;
				GCC_WARN_ABOUT_RETURN_TYPE = YES_ERROR;
				GCC_WARN_UNDECLARED_SELECTOR = YES;
				GCC_WARN_UNINITIALIZED_AUTOS = YES_AGGRESSIVE;
				GCC_WARN_UNUSED_FUNCTION = YES;
				GCC_WARN_UNUSED_VARIABLE = YES;
				IPHONEOS_DEPLOYMENT_TARGET = 9.3;
				MTL_ENABLE_DEBUG_INFO = YES;
				ONLY_ACTIVE_ARCH = YES;
				SDKROOT = iphoneos;
				TARGETED_DEVICE_FAMILY = "1,2";
			};
			name = Debug;
		};
		655D4D701CDE9066004270AF /* Release */ = {
			isa = XCBuildConfiguration;
			buildSettings = {
				ALWAYS_SEARCH_USER_PATHS = NO;
				CLANG_ANALYZER_NONNULL = YES;
				CLANG_CXX_LANGUAGE_STANDARD = "gnu++0x";
				CLANG_CXX_LIBRARY = "libc++";
				CLANG_ENABLE_MODULES = YES;
				CLANG_ENABLE_OBJC_ARC = YES;
				CLANG_WARN_BOOL_CONVERSION = YES;
				CLANG_WARN_CONSTANT_CONVERSION = YES;
				CLANG_WARN_DIRECT_OBJC_ISA_USAGE = YES_ERROR;
				CLANG_WARN_EMPTY_BODY = YES;
				CLANG_WARN_ENUM_CONVERSION = YES;
				CLANG_WARN_INT_CONVERSION = YES;
				CLANG_WARN_OBJC_ROOT_CLASS = YES_ERROR;
				CLANG_WARN_UNREACHABLE_CODE = YES;
				CLANG_WARN__DUPLICATE_METHOD_MATCH = YES;
				"CODE_SIGN_IDENTITY[sdk=iphoneos*]" = "iPhone Developer";
				COPY_PHASE_STRIP = NO;
				DEBUG_INFORMATION_FORMAT = "dwarf-with-dsym";
				ENABLE_NS_ASSERTIONS = NO;
				ENABLE_STRICT_OBJC_MSGSEND = YES;
				GCC_C_LANGUAGE_STANDARD = gnu99;
				GCC_NO_COMMON_BLOCKS = YES;
				GCC_WARN_64_TO_32_BIT_CONVERSION = YES;
				GCC_WARN_ABOUT_RETURN_TYPE = YES_ERROR;
				GCC_WARN_UNDECLARED_SELECTOR = YES;
				GCC_WARN_UNINITIALIZED_AUTOS = YES_AGGRESSIVE;
				GCC_WARN_UNUSED_FUNCTION = YES;
				GCC_WARN_UNUSED_VARIABLE = YES;
				IPHONEOS_DEPLOYMENT_TARGET = 9.3;
				MTL_ENABLE_DEBUG_INFO = NO;
				SDKROOT = iphoneos;
				TARGETED_DEVICE_FAMILY = "1,2";
				VALIDATE_PRODUCT = YES;
			};
			name = Release;
		};
		655D4D721CDE9066004270AF /* Debug */ = {
			isa = XCBuildConfiguration;
			baseConfigurationReference = CBAC27FDF318772C865F7465 /* Pods-PhotoGallery.debug.xcconfig */;
			buildSettings = {
				ASSETCATALOG_COMPILER_APPICON_NAME = AppIcon;
				INFOPLIST_FILE = PhotoGallery/Info.plist;
				LD_RUNPATH_SEARCH_PATHS = "$(inherited) @executable_path/Frameworks";
				PRODUCT_BUNDLE_IDENTIFIER = com.example.DV.PhotoGallery;
				PRODUCT_NAME = "$(TARGET_NAME)";
			};
			name = Debug;
		};
		655D4D731CDE9066004270AF /* Release */ = {
			isa = XCBuildConfiguration;
			baseConfigurationReference = FB1492987E9046625A980227 /* Pods-PhotoGallery.release.xcconfig */;
			buildSettings = {
				ASSETCATALOG_COMPILER_APPICON_NAME = AppIcon;
				INFOPLIST_FILE = PhotoGallery/Info.plist;
				LD_RUNPATH_SEARCH_PATHS = "$(inherited) @executable_path/Frameworks";
				PRODUCT_BUNDLE_IDENTIFIER = com.example.DV.PhotoGallery;
				PRODUCT_NAME = "$(TARGET_NAME)";
			};
			name = Release;
		};
		655D4D751CDE9066004270AF /* Debug */ = {
			isa = XCBuildConfiguration;
			buildSettings = {
				BUNDLE_LOADER = "$(TEST_HOST)";
				INFOPLIST_FILE = PhotoGalleryTests/Info.plist;
				LD_RUNPATH_SEARCH_PATHS = "$(inherited) @executable_path/Frameworks @loader_path/Frameworks";
				PRODUCT_BUNDLE_IDENTIFIER = com.example.DV.PhotoGalleryTests;
				PRODUCT_NAME = "$(TARGET_NAME)";
				TEST_HOST = "$(BUILT_PRODUCTS_DIR)/PhotoGallery.app/PhotoGallery";
			};
			name = Debug;
		};
		655D4D761CDE9066004270AF /* Release */ = {
			isa = XCBuildConfiguration;
			buildSettings = {
				BUNDLE_LOADER = "$(TEST_HOST)";
				INFOPLIST_FILE = PhotoGalleryTests/Info.plist;
				LD_RUNPATH_SEARCH_PATHS = "$(inherited) @executable_path/Frameworks @loader_path/Frameworks";
				PRODUCT_BUNDLE_IDENTIFIER = com.example.DV.PhotoGalleryTests;
				PRODUCT_NAME = "$(TARGET_NAME)";
				TEST_HOST = "$(BUILT_PRODUCTS_DIR)/PhotoGallery.app/PhotoGallery";
			};
			name = Release;
		};
/* End XCBuildConfiguration section */

/* Begin XCConfigurationList section */
		655D4D4A1CDE9066004270AF /* Build configuration list for PBXProject "PhotoGallery" */ = {
			isa = XCConfigurationList;
			buildConfigurations = (
				655D4D6F1CDE9066004270AF /* Debug */,
				655D4D701CDE9066004270AF /* Release */,
			);
			defaultConfigurationIsVisible = 0;
			defaultConfigurationName = Release;
		};
		655D4D711CDE9066004270AF /* Build configuration list for PBXNativeTarget "PhotoGallery" */ = {
			isa = XCConfigurationList;
			buildConfigurations = (
				655D4D721CDE9066004270AF /* Debug */,
				655D4D731CDE9066004270AF /* Release */,
			);
			defaultConfigurationIsVisible = 0;
			defaultConfigurationName = Release;
		};
		655D4D741CDE9066004270AF /* Build configuration list for PBXNativeTarget "PhotoGalleryTests" */ = {
			isa = XCConfigurationList;
			buildConfigurations = (
				655D4D751CDE9066004270AF /* Debug */,
				655D4D761CDE9066004270AF /* Release */,
			);
			defaultConfigurationIsVisible = 0;
			defaultConfigurationName = Release;
		};
/* End XCConfigurationList section */
	};
	rootObject = 655D4D471CDE9066004270AF /* Project object */;
}
